
Microsoft Visual Studio Solution File, Format Version 12.00
# Visual Studio 15
VisualStudioVersion = 15.0.27130.2027
MinimumVisualStudioVersion = 10.0.40219.1
Project("{FAE04EC0-301F-11D3-BF4B-00C04F79EFBC}") = "Hack2.0", "Hack2.0\Hack2.0.csproj", "{1C65C2C8-44C2-41D9-9396-BF8A1FF1EC58}"
EndProject
Global
	GlobalSection(SolutionConfigurationPlatforms) = preSolution
		Debug|ARM = Debug|ARM
		Debug|x64 = Debug|x64
		Debug|x86 = Debug|x86
		Release|ARM = Release|ARM
		Release|x64 = Release|x64
		Release|x86 = Release|x86
	EndGlobalSection
	GlobalSection(ProjectConfigurationPlatforms) = postSolution
		{1C65C2C8-44C2-41D9-9396-BF8A1FF1EC58}.Debug|ARM.ActiveCfg = Debug|ARM
		{1C65C2C8-44C2-41D9-9396-BF8A1FF1EC58}.Debug|ARM.Build.0 = Debug|ARM
		{1C65C2C8-44C2-41D9-9396-BF8A1FF1EC58}.Debug|ARM.Deploy.0 = Debug|ARM
		{1C65C2C8-44C2-41D9-9396-BF8A1FF1EC58}.Debug|x64.ActiveCfg = Debug|x64
		{1C65C2C8-44C2-41D9-9396-BF8A1FF1EC58}.Debug|x64.Build.0 = Debug|x64
		{1C65C2C8-44C2-41D9-9396-BF8A1FF1EC58}.Debug|x64.Deploy.0 = Debug|x64
		{1C65C2C8-44C2-41D9-9396-BF8A1FF1EC58}.Debug|x86.ActiveCfg = Debug|x86
		{1C65C2C8-44C2-41D9-9396-BF8A1FF1EC58}.Debug|x86.Build.0 = Debug|x86
		{1C65C2C8-44C2-41D9-9396-BF8A1FF1EC58}.Debug|x86.Deploy.0 = Debug|x86
		{1C65C2C8-44C2-41D9-9396-BF8A1FF1EC58}.Release|ARM.ActiveCfg = Release|ARM
		{1C65C2C8-44C2-41D9-9396-BF8A1FF1EC58}.Release|ARM.Build.0 = Release|ARM
		{1C65C2C8-44C2-41D9-9396-BF8A1FF1EC58}.Release|ARM.Deploy.0 = Release|ARM
		{1C65C2C8-44C2-41D9-9396-BF8A1FF1EC58}.Release|x64.ActiveCfg = Release|x64
		{1C65C2C8-44C2-41D9-9396-BF8A1FF1EC58}.Release|x64.Build.0 = Release|x64
		{1C65C2C8-44C2-41D9-9396-BF8A1FF1EC58}.Release|x64.Deploy.0 = Release|x64
		{1C65C2C8-44C2-41D9-9396-BF8A1FF1EC58}.Release|x86.ActiveCfg = Release|x86
		{1C65C2C8-44C2-41D9-9396-BF8A1FF1EC58}.Release|x86.Build.0 = Release|x86
		{1C65C2C8-44C2-41D9-9396-BF8A1FF1EC58}.Release|x86.Deploy.0 = Release|x86
	EndGlobalSection
	GlobalSection(SolutionProperties) = preSolution
		HideSolutionNode = FALSE
	EndGlobalSection
	GlobalSection(ExtensibilityGlobals) = postSolution
		SolutionGuid = {E53CF2ED-123B-4A46-A340-FA6B711D4429}
	EndGlobalSection
EndGlobal
